{
  "name": "gumpress",
  "version": "1.0.0",
  "lockfileVersion": 1,
  "requires": true,
  "dependencies": {
    "prettier": {
      "version": "npm:wp-prettier@2.2.1-beta-1",
      "resolved": "https://registry.npmjs.org/wp-prettier/-/wp-prettier-2.2.1-beta-1.tgz",
      "integrity": "sha512-+JHkqs9LC/JPp51yy1hzs3lQ7qeuWCwOcSzpQNeeY/G7oSpnF61vxt7hRh87zNRTr6ob2ndy0W8rVzhgrcA+Gw==",
      "dev": true
    }
  }
}
